// !$*UTF8*$!
{
	archiveVersion = 1;
	classes = {
	};
	objectVersion = 50;
	objects = {

/* Begin PBXBuildFile section */
		89408B4E2227020C00616111 /* DetailsViewController.swift in Sources */ = {isa = PBXBuildFile; fileRef = 89408B4D2227020C00616111 /* DetailsViewController.swift */; };
		89EAC634221C71BD0003B154 /* AppDelegate.swift in Sources */ = {isa = PBXBuildFile; fileRef = 89EAC633221C71BD0003B154 /* AppDelegate.swift */; };
		89EAC636221C71BD0003B154 /* ViewController.swift in Sources */ = {isa = PBXBuildFile; fileRef = 89EAC635221C71BD0003B154 /* ViewController.swift */; };
		89EAC639221C71BD0003B154 /* Main.storyboard in Resources */ = {isa = PBXBuildFile; fileRef = 89EAC637221C71BD0003B154 /* Main.storyboard */; };
		89EAC63B221C71C20003B154 /* Assets.xcassets in Resources */ = {isa = PBXBuildFile; fileRef = 89EAC63A221C71C20003B154 /* Assets.xcassets */; };
		89EAC63E221C71C20003B154 /* LaunchScreen.storyboard in Resources */ = {isa = PBXBuildFile; fileRef = 89EAC63C221C71C20003B154 /* LaunchScreen.storyboard */; };
		89EAC646221C71DA0003B154 /* Assingment.swift in Sources */ = {isa = PBXBuildFile; fileRef = 89EAC645221C71DA0003B154 /* Assingment.swift */; };
		89FB52572225AB200054AB71 /* AssignmentViewController.swift in Sources */ = {isa = PBXBuildFile; fileRef = 89FB52562225AB200054AB71 /* AssignmentViewController.swift */; };
/* End PBXBuildFile section */

/* Begin PBXFileReference section */
		89408B4D2227020C00616111 /* DetailsViewController.swift */ = {isa = PBXFileReference; lastKnownFileType = sourcecode.swift; path = DetailsViewController.swift; sourceTree = "<group>"; };
		89EAC630221C71BD0003B154 /* AssignmentNotebook.app */ = {isa = PBXFileReference; explicitFileType = wrapper.application; includeInIndex = 0; path = AssignmentNotebook.app; sourceTree = BUILT_PRODUCTS_DIR; };
		89EAC633221C71BD0003B154 /* AppDelegate.swift */ = {isa = PBXFileReference; lastKnownFileType = sourcecode.swift; path = AppDelegate.swift; sourceTree = "<group>"; };
		89EAC635221C71BD0003B154 /* ViewController.swift */ = {isa = PBXFileReference; lastKnownFileType = sourcecode.swift; path = ViewController.swift; sourceTree = "<group>"; };
		89EAC638221C71BD0003B154 /* Base */ = {isa = PBXFileReference; lastKnownFileType = file.storyboard; name = Base; path = Base.lproj/Main.storyboard; sourceTree = "<group>"; };
		89EAC63A221C71C20003B154 /* Assets.xcassets */ = {isa = PBXFileReference; lastKnownFileType = folder.assetcatalog; path = Assets.xcassets; sourceTree = "<group>"; };
		89EAC63D221C71C20003B154 /* Base */ = {isa = PBXFileReference; lastKnownFileType = file.storyboard; name = Base; path = Base.lproj/LaunchScreen.storyboard; sourceTree = "<group>"; };
		89EAC63F221C71C20003B154 /* Info.plist */ = {isa = PBXFileReference; lastKnownFileType = text.plist.xml; path = Info.plist; sourceTree = "<group>"; };
		89EAC645221C71DA0003B154 /* Assingment.swift */ = {isa = PBXFileReference; lastKnownFileType = sourcecode.swift; path = Assingment.swift; sourceTree = "<group>"; };
		89FB52562225AB200054AB71 /* AssignmentViewController.swift */ = {isa = PBXFileReference; lastKnownFileType = sourcecode.swift; path = AssignmentViewController.swift; sourceTree = "<group>"; };
/* End PBXFileReference section */

/* Begin PBXFrameworksBuildPhase section */
		89EAC62D221C71BD0003B154 /* Frameworks */ = {
			isa = PBXFrameworksBuildPhase;
			buildActionMask = 2147483647;
			files = (
			);
			runOnlyForDeploymentPostprocessing = 0;
		};
/* End PBXFrameworksBuildPhase section */

/* Begin PBXGroup section */
		89EAC627221C71BD0003B154 = {
			isa = PBXGroup;
			children = (
				89408B4D2227020C00616111 /* DetailsViewController.swift */,
				89EAC645221C71DA0003B154 /* Assingment.swift */,
				89EAC632221C71BD0003B154 /* AssignmentNotebook */,
				89EAC631221C71BD0003B154 /* Products */,
			);
			sourceTree = "<group>";
		};
		89EAC631221C71BD0003B154 /* Products */ = {
			isa = PBXGroup;
			children = (
				89EAC630221C71BD0003B154 /* AssignmentNotebook.app */,
			);
			name = Products;
			sourceTree = "<group>";
		};
		89EAC632221C71BD0003B154 /* AssignmentNotebook */ = {
			isa = PBXGroup;
			children = (
				89EAC633221C71BD0003B154 /* AppDelegate.swift */,
				89EAC635221C71BD0003B154 /* ViewController.swift */,
				89EAC637221C71BD0003B154 /* Main.storyboard */,
				89FB52562225AB200054AB71 /* AssignmentViewController.swift */,
				89EAC63A221C71C20003B154 /* Assets.xcassets */,
				89EAC63C221C71C20003B154 /* LaunchScreen.storyboard */,
				89EAC63F221C71C20003B154 /* Info.plist */,
			);
			path = AssignmentNotebook;
			sourceTree = "<group>";
		};
/* End PBXGroup section */

/* Begin PBXNativeTarget section */
		89EAC62F221C71BD0003B154 /* AssignmentNotebook */ = {
			isa = PBXNativeTarget;
			buildConfigurationList = 89EAC642221C71C20003B154 /* Build configuration list for PBXNativeTarget "AssignmentNotebook" */;
			buildPhases = (
				89EAC62C221C71BD0003B154 /* Sources */,
				89EAC62D221C71BD0003B154 /* Frameworks */,
				89EAC62E221C71BD0003B154 /* Resources */,
			);
			buildRules = (
			);
			dependencies = (
			);
			name = AssignmentNotebook;
			productName = AssignmentNotebook;
			productReference = 89EAC630221C71BD0003B154 /* AssignmentNotebook.app */;
			productType = "com.apple.product-type.application";
		};
/* End PBXNativeTarget section */

/* Begin PBXProject section */
		89EAC628221C71BD0003B154 /* Project object */ = {
			isa = PBXProject;
			attributes = {
				LastSwiftUpdateCheck = 1010;
				LastUpgradeCheck = 1010;
				ORGANIZATIONNAME = "John Hersey High School";
				TargetAttributes = {
					89EAC62F221C71BD0003B154 = {
						CreatedOnToolsVersion = 10.1;
					};
				};
			};
			buildConfigurationList = 89EAC62B221C71BD0003B154 /* Build configuration list for PBXProject "AssignmentNotebook" */;
			compatibilityVersion = "Xcode 9.3";
			developmentRegion = en;
			hasScannedForEncodings = 0;
			knownRegions = (
				en,
				Base,
			);
			mainGroup = 89EAC627221C71BD0003B154;
			productRefGroup = 89EAC631221C71BD0003B154 /* Products */;
			projectDirPath = "";
			projectRoot = "";
			targets = (
				89EAC62F221C71BD0003B154 /* AssignmentNotebook */,
			);
		};
/* End PBXProject section */

/* Begin PBXResourcesBuildPhase section */
		89EAC62E221C71BD0003B154 /* Resources */ = {
			isa = PBXResourcesBuildPhase;
			buildActionMask = 2147483647;
			files = (
				89EAC63E221C71C20003B154 /* LaunchScreen.storyboard in Resources */,
				89EAC63B221C71C20003B154 /* Assets.xcassets in Resources */,
				89EAC639221C71BD0003B154 /* Main.storyboard in Resources */,
			);
			runOnlyForDeploymentPostprocessing = 0;
		};
/* End PBXResourcesBuildPhase section */

/* Begin PBXSourcesBuildPhase section */
		89EAC62C221C71BD0003B154 /* Sources */ = {
			isa = PBXSourcesBuildPhase;
			buildActionMask = 2147483647;
			files = (
				89EAC636221C71BD0003B154 /* ViewController.swift in Sources */,
				89FB52572225AB200054AB71 /* AssignmentViewController.swift in Sources */,
				89EAC646221C71DA0003B154 /* Assingment.swift in Sources */,
				89EAC634221C71BD0003B154 /* AppDelegate.swift in Sources */,
				89408B4E2227020C00616111 /* DetailsViewController.swift in Sources */,
			);
			runOnlyForDeploymentPostprocessing = 0;
		};
/* End PBXSourcesBuildPhase section */

/* Begin PBXVariantGroup section */
		89EAC637221C71BD0003B154 /* Main.storyboard */ = {
			isa = PBXVariantGroup;
			children = (
				89EAC638221C71BD0003B154 /* Base */,
			);
			name = Main.storyboard;
			sourceTree = "<group>";
		};
		89EAC63C221C71C20003B154 /* LaunchScreen.storyboard */ = {
			isa = PBXVariantGroup;
			children = (
				89EAC63D221C71C20003B154 /* Base */,
			);
			name = LaunchScreen.storyboard;
			sourceTree = "<group>";
		};
/* End PBXVariantGroup section */

/* Begin XCBuildConfiguration section */
		89EAC640221C71C20003B154 /* Debug */ = {
			isa = XCBuildConfiguration;
			buildSettings = {
				ALWAYS_SEARCH_USER_PATHS = NO;
				CLANG_ANALYZER_NONNULL = YES;
				CLANG_ANALYZER_NUMBER_OBJECT_CONVERSION = YES_AGGRESSIVE;
				CLANG_CXX_LANGUAGE_STANDARD = "gnu++14";
				CLANG_CXX_LIBRARY = "libc++";
				CLANG_ENABLE_MODULES = YES;
				CLANG_ENABLE_OBJC_ARC = YES;
				CLANG_ENABLE_OBJC_WEAK = YES;
				CLANG_WARN_BLOCK_CAPTURE_AUTORELEASING = YES;
				CLANG_WARN_BOOL_CONVERSION = YES;
				CLANG_WARN_COMMA = YES;
				CLANG_WARN_CONSTANT_CONVERSION = YES;
				CLANG_WARN_DEPRECATED_OBJC_IMPLEMENTATIONS = YES;
				CLANG_WARN_DIRECT_OBJC_ISA_USAGE = YES_ERROR;
				CLANG_WARN_DOCUMENTATION_COMMENTS = YES;
				CLANG_WARN_EMPTY_BODY = YES;
				CLANG_WARN_ENUM_CONVERSION = YES;
				CLANG_WARN_INFINITE_RECURSION = YES;
				CLANG_WARN_INT_CONVERSION = YES;
				CLANG_WARN_NON_LITERAL_NULL_CONVERSION = YES;
				CLANG_WARN_OBJC_IMPLICIT_RETAIN_SELF = YES;
				CLANG_WARN_OBJC_LITERAL_CONVERSION = YES;
				CLANG_WARN_OBJC_ROOT_CLASS = YES_ERROR;
				CLANG_WARN_RANGE_LOOP_ANALYSIS = YES;
				CLANG_WARN_STRICT_PROTOTYPES = YES;
				CLANG_WARN_SUSPICIOUS_MOVE = YES;
				CLANG_WARN_UNGUARDED_AVAILABILITY = YES_AGGRESSIVE;
				CLANG_WARN_UNREACHABLE_CODE = YES;
				CLANG_WARN__DUPLICATE_METHOD_MATCH = YES;
				CODE_SIGN_IDENTITY = "iPhone Developer";
				COPY_PHASE_STRIP = NO;
				DEBUG_INFORMATION_FORMAT = dwarf;
				ENABLE_STRICT_OBJC_MSGSEND = YES;
				ENABLE_TESTABILITY = YES;
				GCC_C_LANGUAGE_STANDARD = gnu11;
				GCC_DYNAMIC_NO_PIC = NO;
				GCC_NO_COMMON_BLOCKS = YES;
				GCC_OPTIMIZATION_LEVEL = 0;
				GCC_PREPROCESSOR_DEFINITIONS = (
					"DEBUG=1",
					"$(inherited)",
				);
				GCC_WARN_64_TO_32_BIT_CONVERSION = YES;
				GCC_WARN_ABOUT_RETURN_TYPE = YES_ERROR;
				GCC_WARN_UNDECLARED_SELECTOR = YES;
				GCC_WARN_UNINITIALIZED_AUTOS = YES_AGGRESSIVE;
				GCC_WARN_UNUSED_FUNCTION = YES;
				GCC_WARN_UNUSED_VARIABLE = YES;
				IPHONEOS_DEPLOYMENT_TARGET = 12.1;
				MTL_ENABLE_DEBUG_INFO = INCLUDE_SOURCE;
				MTL_FAST_MATH = YES;
				ONLY_ACTIVE_ARCH = YES;
				SDKROOT = iphoneos;
				SWIFT_ACTIVE_COMPILATION_CONDITIONS = DEBUG;
				SWIFT_OPTIMIZATION_LEVEL = "-Onone";
			};
			name = Debug;
		};
		89EAC641221C71C20003B154 /* Release */ = {
			isa = XCBuildConfiguration;
			buildSettings = {
				ALWAYS_SEARCH_USER_PATHS = NO;
				CLANG_ANALYZER_NONNULL = YES;
				CLANG_ANALYZER_NUMBER_OBJECT_CONVERSION = YES_AGGRESSIVE;
				CLANG_CXX_LANGUAGE_STANDARD = "gnu++14";
				CLANG_CXX_LIBRARY = "libc++";
				CLANG_ENABLE_MODULES = YES;
				CLANG_ENABLE_OBJC_ARC = YES;
				CLANG_ENABLE_OBJC_WEAK = YES;
				CLANG_WARN_BLOCK_CAPTURE_AUTORELEASING = YES;
				CLANG_WARN_BOOL_CONVERSION = YES;
				CLANG_WARN_COMMA = YES;
				CLANG_WARN_CONSTANT_CONVERSION = YES;
				CLANG_WARN_DEPRECATED_OBJC_IMPLEMENTATIONS = YES;
				CLANG_WARN_DIRECT_OBJC_ISA_USAGE = YES_ERROR;
				CLANG_WARN_DOCUMENTATION_COMMENTS = YES;
				CLANG_WARN_EMPTY_BODY = YES;
				CLANG_WARN_ENUM_CONVERSION = YES;
				CLANG_WARN_INFINITE_RECURSION = YES;
				CLANG_WARN_INT_CONVERSION = YES;
				CLANG_WARN_NON_LITERAL_NULL_CONVERSION = YES;
				CLANG_WARN_OBJC_IMPLICIT_RETAIN_SELF = YES;
				CLANG_WARN_OBJC_LITERAL_CONVERSION = YES;
				CLANG_WARN_OBJC_ROOT_CLASS = YES_ERROR;
				CLANG_WARN_RANGE_LOOP_ANALYSIS = YES;
				CLANG_WARN_STRICT_PROTOTYPES = YES;
				CLANG_WARN_SUSPICIOUS_MOVE = YES;
				CLANG_WARN_UNGUARDED_AVAILABILITY = YES_AGGRESSIVE;
				CLANG_WARN_UNREACHABLE_CODE = YES;
				CLANG_WARN__DUPLICATE_METHOD_MATCH = YES;
				CODE_SIGN_IDENTITY = "iPhone Developer";
				COPY_PHASE_STRIP = NO;
				DEBUG_INFORMATION_FORMAT = "dwarf-with-dsym";
				ENABLE_NS_ASSERTIONS = NO;
				ENABLE_STRICT_OBJC_MSGSEND = YES;
				GCC_C_LANGUAGE_STANDARD = gnu11;
				GCC_NO_COMMON_BLOCKS = YES;
				GCC_WARN_64_TO_32_BIT_CONVERSION = YES;
				GCC_WARN_ABOUT_RETURN_TYPE = YES_ERROR;
				GCC_WARN_UNDECLARED_SELECTOR = YES;
				GCC_WARN_UNINITIALIZED_AUTOS = YES_AGGRESSIVE;
				GCC_WARN_UNUSED_FUNCTION = YES;
				GCC_WARN_UNUSED_VARIABLE = YES;
				IPHONEOS_DEPLOYMENT_TARGET = 12.1;
				MTL_ENABLE_DEBUG_INFO = NO;
				MTL_FAST_MATH = YES;
				SDKROOT = iphoneos;
				SWIFT_COMPILATION_MODE = wholemodule;
				SWIFT_OPTIMIZATION_LEVEL = "-O";
				VALIDATE_PRODUCT = YES;
			};
			name = Release;
		};
		89EAC643221C71C20003B154 /* Debug */ = {
			isa = XCBuildConfiguration;
			buildSettings = {
				ASSETCATALOG_COMPILER_APPICON_NAME = AppIcon;
				CODE_SIGN_STYLE = Automatic;
				DEVELOPMENT_TEAM = QB6F96R42D;
				INFOPLIST_FILE = AssignmentNotebook/Info.plist;
				IPHONEOS_DEPLOYMENT_TARGET = 12.0;
				LD_RUNPATH_SEARCH_PATHS = (
					"$(inherited)",
					"@executable_path/Frameworks",
				);
				PRODUCT_BUNDLE_IDENTIFIER = org.d214.jhhs.9067.AssignmentNotebook;
				PRODUCT_NAME = "$(TARGET_NAME)";
				SWIFT_VERSION = 4.2;
				TARGETED_DEVICE_FAMILY = "1,2";
			};
			name = Debug;
		};
		89EAC644221C71C20003B154 /* Release */ = {
			isa = XCBuildConfiguration;
			buildSettings = {
				ASSETCATALOG_COMPILER_APPICON_NAME = AppIcon;
				CODE_SIGN_STYLE = Automatic;
				DEVELOPMENT_TEAM = QB6F96R42D;
				INFOPLIST_FILE = AssignmentNotebook/Info.plist;
				IPHONEOS_DEPLOYMENT_TARGET = 12.0;
				LD_RUNPATH_SEARCH_PATHS = (
					"$(inherited)",
					"@executable_path/Frameworks",
				);
				PRODUCT_BUNDLE_IDENTIFIER = org.d214.jhhs.9067.AssignmentNotebook;
				PRODUCT_NAME = "$(TARGET_NAME)";
				SWIFT_VERSION = 4.2;
				TARGETED_DEVICE_FAMILY = "1,2";
			};
			name = Release;
		};
/* End XCBuildConfiguration section */

/* Begin XCConfigurationList section */
		89EAC62B221C71BD0003B154 /* Build configuration list for PBXProject "AssignmentNotebook" */ = {
			isa = XCConfigurationList;
			buildConfigurations = (
				89EAC640221C71C20003B154 /* Debug */,
				89EAC641221C71C20003B154 /* Release */,
			);
			defaultConfigurationIsVisible = 0;
			defaultConfigurationName = Release;
		};
		89EAC642221C71C20003B154 /* Build configuration list for PBXNativeTarget "AssignmentNotebook" */ = {
			isa = XCConfigurationList;
			buildConfigurations = (
				89EAC643221C71C20003B154 /* Debug */,
				89EAC644221C71C20003B154 /* Release */,
			);
			defaultConfigurationIsVisible = 0;
			defaultConfigurationName = Release;
		};
/* End XCConfigurationList section */
	};
	rootObject = 89EAC628221C71BD0003B154 /* Project object */;
}
